
Microsoft Visual Studio Solution File, Format Version 12.00
# Visual Studio Version 17
VisualStudioVersion = 17.9.34902.65
MinimumVisualStudioVersion = 10.0.40219.1
Project("{FAE04EC0-301F-11D3-BF4B-00C04F79EFBC}") = "Game", "Game\Game.csproj", "{051F26A8-48AD-4CE9-9F03-32B9A936BE84}"
EndProject
Global
	GlobalSection(SolutionConfigurationPlatforms) = preSolution
		Debug|Any CPU = Debug|Any CPU
		Release|Any CPU = Release|Any CPU
	EndGlobalSection
	GlobalSection(ProjectConfigurationPlatforms) = postSolution
		{051F26A8-48AD-4CE9-9F03-32B9A936BE84}.Debug|Any CPU.ActiveCfg = Debug|Any CPU
		{051F26A8-48AD-4CE9-9F03-32B9A936BE84}.Debug|Any CPU.Build.0 = Debug|Any CPU
		{051F26A8-48AD-4CE9-9F03-32B9A936BE84}.Release|Any CPU.ActiveCfg = Release|Any CPU
		{051F26A8-48AD-4CE9-9F03-32B9A936BE84}.Release|Any CPU.Build.0 = Release|Any CPU
	EndGlobalSection
	GlobalSection(SolutionProperties) = preSolution
		HideSolutionNode = FALSE
	EndGlobalSection
	GlobalSection(ExtensibilityGlobals) = postSolution
		SolutionGuid = {A702BE88-ED7B-4EE8-89D2-686A3EF71694}
	EndGlobalSection
EndGlobal
